
Microsoft Visual Studio Solution File, Format Version 12.00
# Visual Studio 15
VisualStudioVersion = 15.0.26114.2
MinimumVisualStudioVersion = 10.0.40219.1
Project("{2150E333-8FDC-42A3-9474-1A3956D46DE8}") = "src", "src", "{1559373C-DAF8-457E-BAC9-741F96976173}"
EndProject
Project("{FAE04EC0-301F-11D3-BF4B-00C04F79EFBC}") = "Zoopla.Net", "src\Zoopla.Net\Zoopla.Net.csproj", "{C2EE337E-3BD8-4F47-A97F-8A99C13585D4}"
EndProject
Global
	GlobalSection(SolutionConfigurationPlatforms) = preSolution
		Debug|Any CPU = Debug|Any CPU
		Release|Any CPU = Release|Any CPU
	EndGlobalSection
	GlobalSection(ProjectConfigurationPlatforms) = postSolution
		{C2EE337E-3BD8-4F47-A97F-8A99C13585D4}.Debug|Any CPU.ActiveCfg = Debug|Any CPU
		{C2EE337E-3BD8-4F47-A97F-8A99C13585D4}.Debug|Any CPU.Build.0 = Debug|Any CPU
		{C2EE337E-3BD8-4F47-A97F-8A99C13585D4}.Release|Any CPU.ActiveCfg = Release|Any CPU
		{C2EE337E-3BD8-4F47-A97F-8A99C13585D4}.Release|Any CPU.Build.0 = Release|Any CPU
	EndGlobalSection
	GlobalSection(SolutionProperties) = preSolution
		HideSolutionNode = FALSE
	EndGlobalSection
	GlobalSection(NestedProjects) = preSolution
		{C2EE337E-3BD8-4F47-A97F-8A99C13585D4} = {1559373C-DAF8-457E-BAC9-741F96976173}
	EndGlobalSection
EndGlobal
